
Microsoft Visual Studio Solution File, Format Version 12.00
# Visual Studio Version 17
VisualStudioVersion = 17.14.36121.58
MinimumVisualStudioVersion = 10.0.40219.1
Project("{FAE04EC0-301F-11D3-BF4B-00C04F79EFBC}") = "BulkyWeb", "BulkyWeb\BulkyWeb.csproj", "{6863CF17-A77E-4553-88D2-929C4C7F64E1}"
EndProject
Project("{FAE04EC0-301F-11D3-BF4B-00C04F79EFBC}") = "Bulky.DataAccess", "Bulky.DataAccess\Bulky.DataAccess.csproj", "{BE2DDCE1-0225-4475-BD8A-3AE02D8934F7}"
EndProject
Project("{FAE04EC0-301F-11D3-BF4B-00C04F79EFBC}") = "Bulky.Models", "Bulky.Models\Bulky.Models.csproj", "{B951F7A6-8B09-4FF4-9980-B567B9586082}"
EndProject
Project("{FAE04EC0-301F-11D3-BF4B-00C04F79EFBC}") = "Bulky.Utility", "Bulky.Utility\Bulky.Utility.csproj", "{1B5EAB31-5B62-41F4-95C1-8758C651B2C7}"
EndProject
Global
	GlobalSection(SolutionConfigurationPlatforms) = preSolution
		Debug|Any CPU = Debug|Any CPU
		Release|Any CPU = Release|Any CPU
	EndGlobalSection
	GlobalSection(ProjectConfigurationPlatforms) = postSolution
		{6863CF17-A77E-4553-88D2-929C4C7F64E1}.Debug|Any CPU.ActiveCfg = Debug|Any CPU
		{6863CF17-A77E-4553-88D2-929C4C7F64E1}.Debug|Any CPU.Build.0 = Debug|Any CPU
		{6863CF17-A77E-4553-88D2-929C4C7F64E1}.Release|Any CPU.ActiveCfg = Release|Any CPU
		{6863CF17-A77E-4553-88D2-929C4C7F64E1}.Release|Any CPU.Build.0 = Release|Any CPU
		{BE2DDCE1-0225-4475-BD8A-3AE02D8934F7}.Debug|Any CPU.ActiveCfg = Debug|Any CPU
		{BE2DDCE1-0225-4475-BD8A-3AE02D8934F7}.Debug|Any CPU.Build.0 = Debug|Any CPU
		{BE2DDCE1-0225-4475-BD8A-3AE02D8934F7}.Release|Any CPU.ActiveCfg = Release|Any CPU
		{BE2DDCE1-0225-4475-BD8A-3AE02D8934F7}.Release|Any CPU.Build.0 = Release|Any CPU
		{B951F7A6-8B09-4FF4-9980-B567B9586082}.Debug|Any CPU.ActiveCfg = Debug|Any CPU
		{B951F7A6-8B09-4FF4-9980-B567B9586082}.Debug|Any CPU.Build.0 = Debug|Any CPU
		{B951F7A6-8B09-4FF4-9980-B567B9586082}.Release|Any CPU.ActiveCfg = Release|Any CPU
		{B951F7A6-8B09-4FF4-9980-B567B9586082}.Release|Any CPU.Build.0 = Release|Any CPU
		{1B5EAB31-5B62-41F4-95C1-8758C651B2C7}.Debug|Any CPU.ActiveCfg = Debug|Any CPU
		{1B5EAB31-5B62-41F4-95C1-8758C651B2C7}.Debug|Any CPU.Build.0 = Debug|Any CPU
		{1B5EAB31-5B62-41F4-95C1-8758C651B2C7}.Release|Any CPU.ActiveCfg = Release|Any CPU
		{1B5EAB31-5B62-41F4-95C1-8758C651B2C7}.Release|Any CPU.Build.0 = Release|Any CPU
	EndGlobalSection
	GlobalSection(SolutionProperties) = preSolution
		HideSolutionNode = FALSE
	EndGlobalSection
	GlobalSection(ExtensibilityGlobals) = postSolution
		SolutionGuid = {AEDECF3D-8BED-4EEA-BF56-60BA6997E780}
	EndGlobalSection
EndGlobal
